
Microsoft Visual Studio Solution File, Format Version 12.00
# Visual Studio Version 16
VisualStudioVersion = 16.0.29806.167
MinimumVisualStudioVersion = 15.0.26124.0
Project("{2150E333-8FDC-42A3-9474-1A3956D46DE8}") = "domain", "domain", "{65AB33F0-A4F0-4DB8-AF20-8B98DFE63E99}"
EndProject
Project("{9A19103F-16F7-4668-BE54-9A1E7A4F7556}") = "Store", "domain\Store\Store.csproj", "{2A783C47-9295-4401-8F8D-7D2B545E93A6}"
EndProject
Project("{2150E333-8FDC-42A3-9474-1A3956D46DE8}") = "infrastructure", "infrastructure", "{9401AED2-B745-4EDA-93C7-1163D4975B5C}"
EndProject
Project("{2150E333-8FDC-42A3-9474-1A3956D46DE8}") = "presentation", "presentation", "{7CB8FE8C-13DC-499A-B71B-39BAD8A1F076}"
EndProject
Project("{9A19103F-16F7-4668-BE54-9A1E7A4F7556}") = "Store.Web", "presentation\Store.Web\Store.Web.csproj", "{CA77237D-0985-41E0-8D06-02233704B864}"
EndProject
Project("{9A19103F-16F7-4668-BE54-9A1E7A4F7556}") = "Store.Tests", "domain\Store.Tests\Store.Tests.csproj", "{2EF9A31B-82B8-4499-BFA7-9CB479C1DD4F}"
EndProject
Project("{9A19103F-16F7-4668-BE54-9A1E7A4F7556}") = "Store.Web.Contractors", "presentation\Store.Web.Contractors\Store.Web.Contractors.csproj", "{97B5FED5-8AE9-4704-AFBD-7A6E5576B8B3}"
EndProject
Project("{2150E333-8FDC-42A3-9474-1A3956D46DE8}") = "plugins", "plugins", "{AEB390B0-4D5E-426C-81DE-1C714E07E141}"
EndProject
Project("{9A19103F-16F7-4668-BE54-9A1E7A4F7556}") = "Store.YandexKassa", "plugins\Store.YandexKassa\Store.YandexKassa.csproj", "{000058A2-2811-40F5-BEBF-34AFC89360FC}"
EndProject
Project("{2150E333-8FDC-42A3-9474-1A3956D46DE8}") = "application", "application", "{02301F55-D0B2-43B1-8344-00B7A084E62D}"
EndProject
Project("{9A19103F-16F7-4668-BE54-9A1E7A4F7556}") = "Store.Web.App", "application\Store.Web.App\Store.Web.App.csproj", "{EA8140A2-243A-42F4-8470-7E7D8C2F9F8B}"
EndProject
Project("{FAE04EC0-301F-11D3-BF4B-00C04F79EFBC}") = "Store.Data.EF", "infrastructure\Store.Data.EF\Store.Data.EF.csproj", "{E4FC1810-1850-4F1C-A346-2D7F715CE1E2}"
EndProject
Global
	GlobalSection(SolutionConfigurationPlatforms) = preSolution
		Debug|Any CPU = Debug|Any CPU
		Debug|x64 = Debug|x64
		Debug|x86 = Debug|x86
		Release|Any CPU = Release|Any CPU
		Release|x64 = Release|x64
		Release|x86 = Release|x86
	EndGlobalSection
	GlobalSection(ProjectConfigurationPlatforms) = postSolution
		{2A783C47-9295-4401-8F8D-7D2B545E93A6}.Debug|Any CPU.ActiveCfg = Debug|Any CPU
		{2A783C47-9295-4401-8F8D-7D2B545E93A6}.Debug|Any CPU.Build.0 = Debug|Any CPU
		{2A783C47-9295-4401-8F8D-7D2B545E93A6}.Debug|x64.ActiveCfg = Debug|Any CPU
		{2A783C47-9295-4401-8F8D-7D2B545E93A6}.Debug|x64.Build.0 = Debug|Any CPU
		{2A783C47-9295-4401-8F8D-7D2B545E93A6}.Debug|x86.ActiveCfg = Debug|Any CPU
		{2A783C47-9295-4401-8F8D-7D2B545E93A6}.Debug|x86.Build.0 = Debug|Any CPU
		{2A783C47-9295-4401-8F8D-7D2B545E93A6}.Release|Any CPU.ActiveCfg = Release|Any CPU
		{2A783C47-9295-4401-8F8D-7D2B545E93A6}.Release|Any CPU.Build.0 = Release|Any CPU
		{2A783C47-9295-4401-8F8D-7D2B545E93A6}.Release|x64.ActiveCfg = Release|Any CPU
		{2A783C47-9295-4401-8F8D-7D2B545E93A6}.Release|x64.Build.0 = Release|Any CPU
		{2A783C47-9295-4401-8F8D-7D2B545E93A6}.Release|x86.ActiveCfg = Release|Any CPU
		{2A783C47-9295-4401-8F8D-7D2B545E93A6}.Release|x86.Build.0 = Release|Any CPU
		{CA77237D-0985-41E0-8D06-02233704B864}.Debug|Any CPU.ActiveCfg = Debug|Any CPU
		{CA77237D-0985-41E0-8D06-02233704B864}.Debug|Any CPU.Build.0 = Debug|Any CPU
		{CA77237D-0985-41E0-8D06-02233704B864}.Debug|x64.ActiveCfg = Debug|Any CPU
		{CA77237D-0985-41E0-8D06-02233704B864}.Debug|x64.Build.0 = Debug|Any CPU
		{CA77237D-0985-41E0-8D06-02233704B864}.Debug|x86.ActiveCfg = Debug|Any CPU
		{CA77237D-0985-41E0-8D06-02233704B864}.Debug|x86.Build.0 = Debug|Any CPU
		{CA77237D-0985-41E0-8D06-02233704B864}.Release|Any CPU.ActiveCfg = Release|Any CPU
		{CA77237D-0985-41E0-8D06-02233704B864}.Release|Any CPU.Build.0 = Release|Any CPU
		{CA77237D-0985-41E0-8D06-02233704B864}.Release|x64.ActiveCfg = Release|Any CPU
		{CA77237D-0985-41E0-8D06-02233704B864}.Release|x64.Build.0 = Release|Any CPU
		{CA77237D-0985-41E0-8D06-02233704B864}.Release|x86.ActiveCfg = Release|Any CPU
		{CA77237D-0985-41E0-8D06-02233704B864}.Release|x86.Build.0 = Release|Any CPU
		{2EF9A31B-82B8-4499-BFA7-9CB479C1DD4F}.Debug|Any CPU.ActiveCfg = Debug|Any CPU
		{2EF9A31B-82B8-4499-BFA7-9CB479C1DD4F}.Debug|Any CPU.Build.0 = Debug|Any CPU
		{2EF9A31B-82B8-4499-BFA7-9CB479C1DD4F}.Debug|x64.ActiveCfg = Debug|Any CPU
		{2EF9A31B-82B8-4499-BFA7-9CB479C1DD4F}.Debug|x64.Build.0 = Debug|Any CPU
		{2EF9A31B-82B8-4499-BFA7-9CB479C1DD4F}.Debug|x86.ActiveCfg = Debug|Any CPU
		{2EF9A31B-82B8-4499-BFA7-9CB479C1DD4F}.Debug|x86.Build.0 = Debug|Any CPU
		{2EF9A31B-82B8-4499-BFA7-9CB479C1DD4F}.Release|Any CPU.ActiveCfg = Release|Any CPU
		{2EF9A31B-82B8-4499-BFA7-9CB479C1DD4F}.Release|Any CPU.Build.0 = Release|Any CPU
		{2EF9A31B-82B8-4499-BFA7-9CB479C1DD4F}.Release|x64.ActiveCfg = Release|Any CPU
		{2EF9A31B-82B8-4499-BFA7-9CB479C1DD4F}.Release|x64.Build.0 = Release|Any CPU
		{2EF9A31B-82B8-4499-BFA7-9CB479C1DD4F}.Release|x86.ActiveCfg = Release|Any CPU
		{2EF9A31B-82B8-4499-BFA7-9CB479C1DD4F}.Release|x86.Build.0 = Release|Any CPU
		{97B5FED5-8AE9-4704-AFBD-7A6E5576B8B3}.Debug|Any CPU.ActiveCfg = Debug|Any CPU
		{97B5FED5-8AE9-4704-AFBD-7A6E5576B8B3}.Debug|Any CPU.Build.0 = Debug|Any CPU
		{97B5FED5-8AE9-4704-AFBD-7A6E5576B8B3}.Debug|x64.ActiveCfg = Debug|Any CPU
		{97B5FED5-8AE9-4704-AFBD-7A6E5576B8B3}.Debug|x64.Build.0 = Debug|Any CPU
		{97B5FED5-8AE9-4704-AFBD-7A6E5576B8B3}.Debug|x86.ActiveCfg = Debug|Any CPU
		{97B5FED5-8AE9-4704-AFBD-7A6E5576B8B3}.Debug|x86.Build.0 = Debug|Any CPU
		{97B5FED5-8AE9-4704-AFBD-7A6E5576B8B3}.Release|Any CPU.ActiveCfg = Release|Any CPU
		{97B5FED5-8AE9-4704-AFBD-7A6E5576B8B3}.Release|Any CPU.Build.0 = Release|Any CPU
		{97B5FED5-8AE9-4704-AFBD-7A6E5576B8B3}.Release|x64.ActiveCfg = Release|Any CPU
		{97B5FED5-8AE9-4704-AFBD-7A6E5576B8B3}.Release|x64.Build.0 = Release|Any CPU
		{97B5FED5-8AE9-4704-AFBD-7A6E5576B8B3}.Release|x86.ActiveCfg = Release|Any CPU
		{97B5FED5-8AE9-4704-AFBD-7A6E5576B8B3}.Release|x86.Build.0 = Release|Any CPU
		{000058A2-2811-40F5-BEBF-34AFC89360FC}.Debug|Any CPU.ActiveCfg = Debug|Any CPU
		{000058A2-2811-40F5-BEBF-34AFC89360FC}.Debug|Any CPU.Build.0 = Debug|Any CPU
		{000058A2-2811-40F5-BEBF-34AFC89360FC}.Debug|x64.ActiveCfg = Debug|Any CPU
		{000058A2-2811-40F5-BEBF-34AFC89360FC}.Debug|x64.Build.0 = Debug|Any CPU
		{000058A2-2811-40F5-BEBF-34AFC89360FC}.Debug|x86.ActiveCfg = Debug|Any CPU
		{000058A2-2811-40F5-BEBF-34AFC89360FC}.Debug|x86.Build.0 = Debug|Any CPU
		{000058A2-2811-40F5-BEBF-34AFC89360FC}.Release|Any CPU.ActiveCfg = Release|Any CPU
		{000058A2-2811-40F5-BEBF-34AFC89360FC}.Release|Any CPU.Build.0 = Release|Any CPU
		{000058A2-2811-40F5-BEBF-34AFC89360FC}.Release|x64.ActiveCfg = Release|Any CPU
		{000058A2-2811-40F5-BEBF-34AFC89360FC}.Release|x64.Build.0 = Release|Any CPU
		{000058A2-2811-40F5-BEBF-34AFC89360FC}.Release|x86.ActiveCfg = Release|Any CPU
		{000058A2-2811-40F5-BEBF-34AFC89360FC}.Release|x86.Build.0 = Release|Any CPU
		{EA8140A2-243A-42F4-8470-7E7D8C2F9F8B}.Debug|Any CPU.ActiveCfg = Debug|Any CPU
		{EA8140A2-243A-42F4-8470-7E7D8C2F9F8B}.Debug|Any CPU.Build.0 = Debug|Any CPU
		{EA8140A2-243A-42F4-8470-7E7D8C2F9F8B}.Debug|x64.ActiveCfg = Debug|Any CPU
		{EA8140A2-243A-42F4-8470-7E7D8C2F9F8B}.Debug|x64.Build.0 = Debug|Any CPU
		{EA8140A2-243A-42F4-8470-7E7D8C2F9F8B}.Debug|x86.ActiveCfg = Debug|Any CPU
		{EA8140A2-243A-42F4-8470-7E7D8C2F9F8B}.Debug|x86.Build.0 = Debug|Any CPU
		{EA8140A2-243A-42F4-8470-7E7D8C2F9F8B}.Release|Any CPU.ActiveCfg = Release|Any CPU
		{EA8140A2-243A-42F4-8470-7E7D8C2F9F8B}.Release|Any CPU.Build.0 = Release|Any CPU
		{EA8140A2-243A-42F4-8470-7E7D8C2F9F8B}.Release|x64.ActiveCfg = Release|Any CPU
		{EA8140A2-243A-42F4-8470-7E7D8C2F9F8B}.Release|x64.Build.0 = Release|Any CPU
		{EA8140A2-243A-42F4-8470-7E7D8C2F9F8B}.Release|x86.ActiveCfg = Release|Any CPU
		{EA8140A2-243A-42F4-8470-7E7D8C2F9F8B}.Release|x86.Build.0 = Release|Any CPU
		{E4FC1810-1850-4F1C-A346-2D7F715CE1E2}.Debug|Any CPU.ActiveCfg = Debug|Any CPU
		{E4FC1810-1850-4F1C-A346-2D7F715CE1E2}.Debug|Any CPU.Build.0 = Debug|Any CPU
		{E4FC1810-1850-4F1C-A346-2D7F715CE1E2}.Debug|x64.ActiveCfg = Debug|Any CPU
		{E4FC1810-1850-4F1C-A346-2D7F715CE1E2}.Debug|x64.Build.0 = Debug|Any CPU
		{E4FC1810-1850-4F1C-A346-2D7F715CE1E2}.Debug|x86.ActiveCfg = Debug|Any CPU
		{E4FC1810-1850-4F1C-A346-2D7F715CE1E2}.Debug|x86.Build.0 = Debug|Any CPU
		{E4FC1810-1850-4F1C-A346-2D7F715CE1E2}.Release|Any CPU.ActiveCfg = Release|Any CPU
		{E4FC1810-1850-4F1C-A346-2D7F715CE1E2}.Release|Any CPU.Build.0 = Release|Any CPU
		{E4FC1810-1850-4F1C-A346-2D7F715CE1E2}.Release|x64.ActiveCfg = Release|Any CPU
		{E4FC1810-1850-4F1C-A346-2D7F715CE1E2}.Release|x64.Build.0 = Release|Any CPU
		{E4FC1810-1850-4F1C-A346-2D7F715CE1E2}.Release|x86.ActiveCfg = Release|Any CPU
		{E4FC1810-1850-4F1C-A346-2D7F715CE1E2}.Release|x86.Build.0 = Release|Any CPU
	EndGlobalSection
	GlobalSection(SolutionProperties) = preSolution
		HideSolutionNode = FALSE
	EndGlobalSection
	GlobalSection(NestedProjects) = preSolution
		{2A783C47-9295-4401-8F8D-7D2B545E93A6} = {65AB33F0-A4F0-4DB8-AF20-8B98DFE63E99}
		{CA77237D-0985-41E0-8D06-02233704B864} = {7CB8FE8C-13DC-499A-B71B-39BAD8A1F076}
		{2EF9A31B-82B8-4499-BFA7-9CB479C1DD4F} = {65AB33F0-A4F0-4DB8-AF20-8B98DFE63E99}
		{97B5FED5-8AE9-4704-AFBD-7A6E5576B8B3} = {7CB8FE8C-13DC-499A-B71B-39BAD8A1F076}
		{000058A2-2811-40F5-BEBF-34AFC89360FC} = {AEB390B0-4D5E-426C-81DE-1C714E07E141}
		{EA8140A2-243A-42F4-8470-7E7D8C2F9F8B} = {02301F55-D0B2-43B1-8344-00B7A084E62D}
		{E4FC1810-1850-4F1C-A346-2D7F715CE1E2} = {9401AED2-B745-4EDA-93C7-1163D4975B5C}
	EndGlobalSection
	GlobalSection(ExtensibilityGlobals) = postSolution
		SolutionGuid = {21382DAF-6E17-4352-BCE3-A1D22E0EF5A1}
	EndGlobalSection
EndGlobal
